
Microsoft Visual Studio Solution File, Format Version 12.00
# Visual Studio 15
VisualStudioVersion = 15.0.28010.2019
MinimumVisualStudioVersion = 10.0.40219.1
Project("{8BC9CEB8-8B4A-11D0-8D11-00A0C91BC942}") = "PP01.HelloSDL", "PP01.HelloSDL\PP01.HelloSDL.vcxproj", "{4C19B798-9996-46C1-A86C-810E02AC28E8}"
EndProject
Project("{8BC9CEB8-8B4A-11D0-8D11-00A0C91BC942}") = "PP02.BreakUpHelloSDL", "PP02.BreakUpHelloSDL\PP02.BreakUpHelloSDL.vcxproj", "{3C26CFD7-9D47-4E2A-B6F8-9AFF27F37BC7}"
EndProject
Project("{8BC9CEB8-8B4A-11D0-8D11-00A0C91BC942}") = "PP03.GameClass", "PP03.GameClass\PP03.GameClass.vcxproj", "{80D5028C-AC3A-4A07-82BA-030D46ADA135}"
EndProject
Project("{8BC9CEB8-8B4A-11D0-8D11-00A0C91BC942}") = "PP04.BasicDrawing", "PP04.BasicDrawing\PP04.BasicDrawing.vcxproj", "{D0C62B21-35E2-4900-A773-30A36943F72C}"
EndProject
Project("{8BC9CEB8-8B4A-11D0-8D11-00A0C91BC942}") = "PP05.AnimatingSprite", "PP05.AnimatingSprite\PP05.AnimatingSprite.vcxproj", "{130D1B29-2493-41F9-997D-F56381FE0ABB}"
EndProject
Project("{8BC9CEB8-8B4A-11D0-8D11-00A0C91BC942}") = "PP06.ImageSprite", "PP06.ImageSprite\PP06.ImageSprite.vcxproj", "{6CD74DCA-5117-46B1-880C-C37C98FF7BD2}"
EndProject
Project("{8BC9CEB8-8B4A-11D0-8D11-00A0C91BC942}") = "PP00.Joohyun's 최적화", "PP00.Joohyun's 최적화\PP00.Joohyun's 최적화.vcxproj", "{30A3EF42-01F6-4141-A471-DAB944E515F8}"
EndProject
Project("{8BC9CEB8-8B4A-11D0-8D11-00A0C91BC942}") = "PP07.TextureManager", "PP07.TextureManager\PP07.TextureManager.vcxproj", "{53217925-E514-434B-918D-06BBAFBD667C}"
EndProject
Project("{8BC9CEB8-8B4A-11D0-8D11-00A0C91BC942}") = "PP08.SingletonTM", "PP08.SingletonTM\PP08.SingletonTM.vcxproj", "{50C566B6-B50A-409E-A614-F2D47779A275}"
EndProject
Global
	GlobalSection(SolutionConfigurationPlatforms) = preSolution
		Debug|x64 = Debug|x64
		Debug|x86 = Debug|x86
		Release|x64 = Release|x64
		Release|x86 = Release|x86
	EndGlobalSection
	GlobalSection(ProjectConfigurationPlatforms) = postSolution
		{4C19B798-9996-46C1-A86C-810E02AC28E8}.Debug|x64.ActiveCfg = Debug|x64
		{4C19B798-9996-46C1-A86C-810E02AC28E8}.Debug|x64.Build.0 = Debug|x64
		{4C19B798-9996-46C1-A86C-810E02AC28E8}.Debug|x86.ActiveCfg = Debug|Win32
		{4C19B798-9996-46C1-A86C-810E02AC28E8}.Debug|x86.Build.0 = Debug|Win32
		{4C19B798-9996-46C1-A86C-810E02AC28E8}.Release|x64.ActiveCfg = Release|x64
		{4C19B798-9996-46C1-A86C-810E02AC28E8}.Release|x64.Build.0 = Release|x64
		{4C19B798-9996-46C1-A86C-810E02AC28E8}.Release|x86.ActiveCfg = Release|Win32
		{4C19B798-9996-46C1-A86C-810E02AC28E8}.Release|x86.Build.0 = Release|Win32
		{3C26CFD7-9D47-4E2A-B6F8-9AFF27F37BC7}.Debug|x64.ActiveCfg = Debug|x64
		{3C26CFD7-9D47-4E2A-B6F8-9AFF27F37BC7}.Debug|x64.Build.0 = Debug|x64
		{3C26CFD7-9D47-4E2A-B6F8-9AFF27F37BC7}.Debug|x86.ActiveCfg = Debug|Win32
		{3C26CFD7-9D47-4E2A-B6F8-9AFF27F37BC7}.Debug|x86.Build.0 = Debug|Win32
		{3C26CFD7-9D47-4E2A-B6F8-9AFF27F37BC7}.Release|x64.ActiveCfg = Release|x64
		{3C26CFD7-9D47-4E2A-B6F8-9AFF27F37BC7}.Release|x64.Build.0 = Release|x64
		{3C26CFD7-9D47-4E2A-B6F8-9AFF27F37BC7}.Release|x86.ActiveCfg = Release|Win32
		{3C26CFD7-9D47-4E2A-B6F8-9AFF27F37BC7}.Release|x86.Build.0 = Release|Win32
		{80D5028C-AC3A-4A07-82BA-030D46ADA135}.Debug|x64.ActiveCfg = Debug|x64
		{80D5028C-AC3A-4A07-82BA-030D46ADA135}.Debug|x64.Build.0 = Debug|x64
		{80D5028C-AC3A-4A07-82BA-030D46ADA135}.Debug|x86.ActiveCfg = Debug|Win32
		{80D5028C-AC3A-4A07-82BA-030D46ADA135}.Debug|x86.Build.0 = Debug|Win32
		{80D5028C-AC3A-4A07-82BA-030D46ADA135}.Release|x64.ActiveCfg = Release|x64
		{80D5028C-AC3A-4A07-82BA-030D46ADA135}.Release|x64.Build.0 = Release|x64
		{80D5028C-AC3A-4A07-82BA-030D46ADA135}.Release|x86.ActiveCfg = Release|Win32
		{80D5028C-AC3A-4A07-82BA-030D46ADA135}.Release|x86.Build.0 = Release|Win32
		{D0C62B21-35E2-4900-A773-30A36943F72C}.Debug|x64.ActiveCfg = Debug|x64
		{D0C62B21-35E2-4900-A773-30A36943F72C}.Debug|x64.Build.0 = Debug|x64
		{D0C62B21-35E2-4900-A773-30A36943F72C}.Debug|x86.ActiveCfg = Debug|Win32
		{D0C62B21-35E2-4900-A773-30A36943F72C}.Debug|x86.Build.0 = Debug|Win32
		{D0C62B21-35E2-4900-A773-30A36943F72C}.Release|x64.ActiveCfg = Release|x64
		{D0C62B21-35E2-4900-A773-30A36943F72C}.Release|x64.Build.0 = Release|x64
		{D0C62B21-35E2-4900-A773-30A36943F72C}.Release|x86.ActiveCfg = Release|Win32
		{D0C62B21-35E2-4900-A773-30A36943F72C}.Release|x86.Build.0 = Release|Win32
		{130D1B29-2493-41F9-997D-F56381FE0ABB}.Debug|x64.ActiveCfg = Debug|x64
		{130D1B29-2493-41F9-997D-F56381FE0ABB}.Debug|x64.Build.0 = Debug|x64
		{130D1B29-2493-41F9-997D-F56381FE0ABB}.Debug|x86.ActiveCfg = Debug|Win32
		{130D1B29-2493-41F9-997D-F56381FE0ABB}.Debug|x86.Build.0 = Debug|Win32
		{130D1B29-2493-41F9-997D-F56381FE0ABB}.Release|x64.ActiveCfg = Release|x64
		{130D1B29-2493-41F9-997D-F56381FE0ABB}.Release|x64.Build.0 = Release|x64
		{130D1B29-2493-41F9-997D-F56381FE0ABB}.Release|x86.ActiveCfg = Release|Win32
		{130D1B29-2493-41F9-997D-F56381FE0ABB}.Release|x86.Build.0 = Release|Win32
		{6CD74DCA-5117-46B1-880C-C37C98FF7BD2}.Debug|x64.ActiveCfg = Debug|x64
		{6CD74DCA-5117-46B1-880C-C37C98FF7BD2}.Debug|x64.Build.0 = Debug|x64
		{6CD74DCA-5117-46B1-880C-C37C98FF7BD2}.Debug|x86.ActiveCfg = Debug|Win32
		{6CD74DCA-5117-46B1-880C-C37C98FF7BD2}.Debug|x86.Build.0 = Debug|Win32
		{6CD74DCA-5117-46B1-880C-C37C98FF7BD2}.Release|x64.ActiveCfg = Release|x64
		{6CD74DCA-5117-46B1-880C-C37C98FF7BD2}.Release|x64.Build.0 = Release|x64
		{6CD74DCA-5117-46B1-880C-C37C98FF7BD2}.Release|x86.ActiveCfg = Release|Win32
		{6CD74DCA-5117-46B1-880C-C37C98FF7BD2}.Release|x86.Build.0 = Release|Win32
		{30A3EF42-01F6-4141-A471-DAB944E515F8}.Debug|x64.ActiveCfg = Debug|x64
		{30A3EF42-01F6-4141-A471-DAB944E515F8}.Debug|x64.Build.0 = Debug|x64
		{30A3EF42-01F6-4141-A471-DAB944E515F8}.Debug|x86.ActiveCfg = Debug|Win32
		{30A3EF42-01F6-4141-A471-DAB944E515F8}.Debug|x86.Build.0 = Debug|Win32
		{30A3EF42-01F6-4141-A471-DAB944E515F8}.Release|x64.ActiveCfg = Release|x64
		{30A3EF42-01F6-4141-A471-DAB944E515F8}.Release|x64.Build.0 = Release|x64
		{30A3EF42-01F6-4141-A471-DAB944E515F8}.Release|x86.ActiveCfg = Release|Win32
		{30A3EF42-01F6-4141-A471-DAB944E515F8}.Release|x86.Build.0 = Release|Win32
		{53217925-E514-434B-918D-06BBAFBD667C}.Debug|x64.ActiveCfg = Debug|x64
		{53217925-E514-434B-918D-06BBAFBD667C}.Debug|x64.Build.0 = Debug|x64
		{53217925-E514-434B-918D-06BBAFBD667C}.Debug|x86.ActiveCfg = Debug|Win32
		{53217925-E514-434B-918D-06BBAFBD667C}.Debug|x86.Build.0 = Debug|Win32
		{53217925-E514-434B-918D-06BBAFBD667C}.Release|x64.ActiveCfg = Release|x64
		{53217925-E514-434B-918D-06BBAFBD667C}.Release|x64.Build.0 = Release|x64
		{53217925-E514-434B-918D-06BBAFBD667C}.Release|x86.ActiveCfg = Release|Win32
		{53217925-E514-434B-918D-06BBAFBD667C}.Release|x86.Build.0 = Release|Win32
		{50C566B6-B50A-409E-A614-F2D47779A275}.Debug|x64.ActiveCfg = Debug|x64
		{50C566B6-B50A-409E-A614-F2D47779A275}.Debug|x64.Build.0 = Debug|x64
		{50C566B6-B50A-409E-A614-F2D47779A275}.Debug|x86.ActiveCfg = Debug|Win32
		{50C566B6-B50A-409E-A614-F2D47779A275}.Debug|x86.Build.0 = Debug|Win32
		{50C566B6-B50A-409E-A614-F2D47779A275}.Release|x64.ActiveCfg = Release|x64
		{50C566B6-B50A-409E-A614-F2D47779A275}.Release|x64.Build.0 = Release|x64
		{50C566B6-B50A-409E-A614-F2D47779A275}.Release|x86.ActiveCfg = Release|Win32
		{50C566B6-B50A-409E-A614-F2D47779A275}.Release|x86.Build.0 = Release|Win32
	EndGlobalSection
	GlobalSection(SolutionProperties) = preSolution
		HideSolutionNode = FALSE
	EndGlobalSection
	GlobalSection(ExtensibilityGlobals) = postSolution
		SolutionGuid = {AC941DC2-6C46-4A70-A758-931797E11CDC}
	EndGlobalSection
EndGlobal
